Microsoft Visual Studio Solution File, Format Version 12.00
# Visual Studio Version 17
VisualStudioVersion = 17.14.36511.14 d17.14
MinimumVisualStudioVersion = 10.0.40219.1
Project("{FAE04EC0-301F-11D3-BF4B-00C04F79EFBC}") = "VRChat.API.WebSockets", "src\VRChat.API\VRChat.API.WebSockets.csproj", "{CFFD58F6-C881-46CB-BD52-445A8A8A8710}"
EndProject
Global
	GlobalSection(SolutionConfigurationPlatforms) = preSolution
		Debug|Any CPU = Debug|Any CPU
		Release|Any CPU = Release|Any CPU
	EndGlobalSection
	GlobalSection(ProjectConfigurationPlatforms) = postSolution
		{CFFD58F6-C881-46CB-BD52-445A8A8A8710}.Debug|Any CPU.ActiveCfg = Debug|Any CPU
		{CFFD58F6-C881-46CB-BD52-445A8A8A8710}.Debug|Any CPU.Build.0 = Debug|Any CPU
		{CFFD58F6-C881-46CB-BD52-445A8A8A8710}.Release|Any CPU.ActiveCfg = Release|Any CPU
		{CFFD58F6-C881-46CB-BD52-445A8A8A8710}.Release|Any CPU.Build.0 = Release|Any CPU
	EndGlobalSection
	GlobalSection(SolutionProperties) = preSolution
		HideSolutionNode = FALSE
	EndGlobalSection
	GlobalSection(ExtensibilityGlobals) = postSolution
		SolutionGuid = {F0E11220-C54D-4FE5-851C-60953AF795B0}
	EndGlobalSection
EndGlobal
